
Microsoft Visual Studio Solution File, Format Version 12.00
# Visual Studio Version 17
VisualStudioVersion = 17.9.34723.18
MinimumVisualStudioVersion = 10.0.40219.1
Project("{FAE04EC0-301F-11D3-BF4B-00C04F79EFBC}") = "MicroservicoServidor", "MicroservicoServidor.csproj", "{CCD52EF6-8685-4F14-AD9E-3C4EEF2C1645}"
EndProject
Global
	GlobalSection(SolutionConfigurationPlatforms) = preSolution
		Debug|Any CPU = Debug|Any CPU
		Release|Any CPU = Release|Any CPU
	EndGlobalSection
	GlobalSection(ProjectConfigurationPlatforms) = postSolution
		{CCD52EF6-8685-4F14-AD9E-3C4EEF2C1645}.Debug|Any CPU.ActiveCfg = Debug|Any CPU
		{CCD52EF6-8685-4F14-AD9E-3C4EEF2C1645}.Debug|Any CPU.Build.0 = Debug|Any CPU
		{CCD52EF6-8685-4F14-AD9E-3C4EEF2C1645}.Release|Any CPU.ActiveCfg = Release|Any CPU
		{CCD52EF6-8685-4F14-AD9E-3C4EEF2C1645}.Release|Any CPU.Build.0 = Release|Any CPU
	EndGlobalSection
	GlobalSection(SolutionProperties) = preSolution
		HideSolutionNode = FALSE
	EndGlobalSection
	GlobalSection(ExtensibilityGlobals) = postSolution
		SolutionGuid = {DA4302CA-F178-415E-92F6-78E14E1D57F7}
	EndGlobalSection
EndGlobal
